// !$*UTF8*$!
{
	archiveVersion = 1;
	classes = {
	};
	objectVersion = 56;
	objects = {

/* Begin PBXBuildFile section */
		4501BD6F2C37204B002CE55F /* SwiftGraphicsDemos in Frameworks */ = {isa = PBXBuildFile; productRef = 4501BD6E2C37204B002CE55F /* SwiftGraphicsDemos */; };
		45CDB0442BF4025700096326 /* Assets.xcassets in Resources */ = {isa = PBXBuildFile; fileRef = 45CDB0432BF4025700096326 /* Assets.xcassets */; };
		45DA912C2BF158380070FD0C /* Info-visionOS.plist in Resources */ = {isa = PBXBuildFile; fileRef = 45DA90B12BF158380070FD0C /* Info-visionOS.plist */; };
		45DEA3A82C174F92007481D8 /* cube_points.pointsply in Resources */ = {isa = PBXBuildFile; fileRef = 45DEA3A72C174F68007481D8 /* cube_points.pointsply */; };
		45E5B5E32A8EA04100B46CDC /* SwiftGraphicsDemosApp.swift in Sources */ = {isa = PBXBuildFile; fileRef = 45E5B5E22A8EA04100B46CDC /* SwiftGraphicsDemosApp.swift */; };
/* End PBXBuildFile section */

/* Begin PBXFileReference section */
		45B642022A9EC70500171EE0 /* Info.plist */ = {isa = PBXFileReference; lastKnownFileType = text.plist; path = Info.plist; sourceTree = "<group>"; };
		45CDB0432BF4025700096326 /* Assets.xcassets */ = {isa = PBXFileReference; lastKnownFileType = folder.assetcatalog; path = Assets.xcassets; sourceTree = "<group>"; };
		45DA90B12BF158380070FD0C /* Info-visionOS.plist */ = {isa = PBXFileReference; fileEncoding = 4; lastKnownFileType = text.plist.xml; path = "Info-visionOS.plist"; sourceTree = "<group>"; };
		45DA91412BF15A020070FD0C /* DemosSupport */ = {isa = PBXFileReference; lastKnownFileType = wrapper; name = DemosSupport; path = Packages/DemosSupport; sourceTree = "<group>"; };
		45DA91462BF15B070070FD0C /* Project-Debug.xcconfig */ = {isa = PBXFileReference; lastKnownFileType = text.xcconfig; path = "Project-Debug.xcconfig"; sourceTree = "<group>"; };
		45DA91472BF15B070070FD0C /* Project-Release.xcconfig */ = {isa = PBXFileReference; lastKnownFileType = text.xcconfig; path = "Project-Release.xcconfig"; sourceTree = "<group>"; };
		45DA91482BF15B070070FD0C /* Project-Shared.xcconfig */ = {isa = PBXFileReference; lastKnownFileType = text.xcconfig; path = "Project-Shared.xcconfig"; sourceTree = "<group>"; };
		45DA91492BF15B070070FD0C /* SwiftGraphicsDemos-Debug.xcconfig */ = {isa = PBXFileReference; lastKnownFileType = text.xcconfig; path = "SwiftGraphicsDemos-Debug.xcconfig"; sourceTree = "<group>"; };
		45DA914A2BF15B070070FD0C /* SwiftGraphicsDemos-Release.xcconfig */ = {isa = PBXFileReference; lastKnownFileType = text.xcconfig; path = "SwiftGraphicsDemos-Release.xcconfig"; sourceTree = "<group>"; };
		45DA914B2BF15B070070FD0C /* SwiftGraphicsDemos-Shared.xcconfig */ = {isa = PBXFileReference; lastKnownFileType = text.xcconfig; path = "SwiftGraphicsDemos-Shared.xcconfig"; sourceTree = "<group>"; };
		45DA91582BF15D6B0070FD0C /* SwiftGraphics */ = {isa = PBXFileReference; lastKnownFileType = wrapper; name = SwiftGraphics; path = ../..; sourceTree = "<group>"; };
		45DEA3A72C174F68007481D8 /* cube_points.pointsply */ = {isa = PBXFileReference; lastKnownFileType = text; path = cube_points.pointsply; sourceTree = "<group>"; };
		45E5B5DF2A8EA04100B46CDC /* SwiftGraphicsDemosApp.app */ = {isa = PBXFileReference; explicitFileType = wrapper.application; includeInIndex = 0; path = SwiftGraphicsDemosApp.app; sourceTree = BUILT_PRODUCTS_DIR; };
		45E5B5E22A8EA04100B46CDC /* SwiftGraphicsDemosApp.swift */ = {isa = PBXFileReference; lastKnownFileType = sourcecode.swift; path = SwiftGraphicsDemosApp.swift; sourceTree = "<group>"; };
		45E5B5E82A8EA04400B46CDC /* SwiftGraphicsDemos.entitlements */ = {isa = PBXFileReference; lastKnownFileType = text.plist.entitlements; path = SwiftGraphicsDemos.entitlements; sourceTree = "<group>"; };
/* End PBXFileReference section */

/* Begin PBXFrameworksBuildPhase section */
		45E5B5DC2A8EA04100B46CDC /* Frameworks */ = {
			isa = PBXFrameworksBuildPhase;
			buildActionMask = 2147483647;
			files = (
				4501BD6F2C37204B002CE55F /* SwiftGraphicsDemos in Frameworks */,
			);
			runOnlyForDeploymentPostprocessing = 0;
		};
/* End PBXFrameworksBuildPhase section */

/* Begin PBXGroup section */
		459F586B2BF311C50021EBA1 /* Packages */ = {
			isa = PBXGroup;
			children = (
				45DA91582BF15D6B0070FD0C /* SwiftGraphics */,
			);
			name = Packages;
			sourceTree = "<group>";
		};
		45DA8F292BF157840070FD0C /* Frameworks */ = {
			isa = PBXGroup;
			children = (
				45DA91412BF15A020070FD0C /* DemosSupport */,
			);
			name = Frameworks;
			sourceTree = "<group>";
		};
		45DA914C2BF15B070070FD0C /* xcconfig */ = {
			isa = PBXGroup;
			children = (
				45DA91462BF15B070070FD0C /* Project-Debug.xcconfig */,
				45DA91472BF15B070070FD0C /* Project-Release.xcconfig */,
				45DA91482BF15B070070FD0C /* Project-Shared.xcconfig */,
				45DA91492BF15B070070FD0C /* SwiftGraphicsDemos-Debug.xcconfig */,
				45DA914A2BF15B070070FD0C /* SwiftGraphicsDemos-Release.xcconfig */,
				45DA914B2BF15B070070FD0C /* SwiftGraphicsDemos-Shared.xcconfig */,
			);
			path = xcconfig;
			sourceTree = "<group>";
		};
		45E5B5D62A8EA04100B46CDC = {
			isa = PBXGroup;
			children = (
				459F586B2BF311C50021EBA1 /* Packages */,
				45DA914C2BF15B070070FD0C /* xcconfig */,
				45E5B5E12A8EA04100B46CDC /* SwiftGraphicsDemosApp */,
				45E5B5E02A8EA04100B46CDC /* Products */,
				45DA8F292BF157840070FD0C /* Frameworks */,
			);
			sourceTree = "<group>";
		};
		45E5B5E02A8EA04100B46CDC /* Products */ = {
			isa = PBXGroup;
			children = (
				45E5B5DF2A8EA04100B46CDC /* SwiftGraphicsDemosApp.app */,
			);
			name = Products;
			sourceTree = "<group>";
		};
		45E5B5E12A8EA04100B46CDC /* SwiftGraphicsDemosApp */ = {
			isa = PBXGroup;
			children = (
				45DEA3A72C174F68007481D8 /* cube_points.pointsply */,
				45B642022A9EC70500171EE0 /* Info.plist */,
				45E5B5E22A8EA04100B46CDC /* SwiftGraphicsDemosApp.swift */,
				45DA90B12BF158380070FD0C /* Info-visionOS.plist */,
				45E5B5E82A8EA04400B46CDC /* SwiftGraphicsDemos.entitlements */,
				45CDB0432BF4025700096326 /* Assets.xcassets */,
			);
			path = SwiftGraphicsDemosApp;
			sourceTree = "<group>";
		};
/* End PBXGroup section */

/* Begin PBXNativeTarget section */
		45E5B5DE2A8EA04100B46CDC /* SwiftGraphicsDemosApp */ = {
			isa = PBXNativeTarget;
			buildConfigurationList = 45E5B6042A8EA04400B46CDC /* Build configuration list for PBXNativeTarget "SwiftGraphicsDemosApp" */;
			buildPhases = (
				45E5B5DB2A8EA04100B46CDC /* Sources */,
				45E5B5DC2A8EA04100B46CDC /* Frameworks */,
				45E5B5DD2A8EA04100B46CDC /* Resources */,
				455E029F2C33550B0065093A /* Run Script: Swiftlint */,
			);
			buildRules = (
			);
			dependencies = (
			);
			name = SwiftGraphicsDemosApp;
			packageProductDependencies = (
				4501BD6E2C37204B002CE55F /* SwiftGraphicsDemos */,
			);
			productName = StairTest;
			productReference = 45E5B5DF2A8EA04100B46CDC /* SwiftGraphicsDemosApp.app */;
			productType = "com.apple.product-type.application";
		};
/* End PBXNativeTarget section */

/* Begin PBXProject section */
		45E5B5D72A8EA04100B46CDC /* Project object */ = {
			isa = PBXProject;
			attributes = {
				BuildIndependentTargetsInParallel = 1;
				LastSwiftUpdateCheck = 1500;
				LastUpgradeCheck = 1530;
				TargetAttributes = {
					45E5B5DE2A8EA04100B46CDC = {
						CreatedOnToolsVersion = 15.0;
					};
				};
			};
			buildConfigurationList = 45E5B5DA2A8EA04100B46CDC /* Build configuration list for PBXProject "SwiftGraphicsDemosApp" */;
			compatibilityVersion = "Xcode 14.0";
			developmentRegion = en;
			hasScannedForEncodings = 0;
			knownRegions = (
				en,
				Base,
			);
			mainGroup = 45E5B5D62A8EA04100B46CDC;
			packageReferences = (
				45F30F4D2BF15EAC00446D45 /* XCRemoteSwiftPackageReference "SwiftGLTF" */,
			);
			productRefGroup = 45E5B5E02A8EA04100B46CDC /* Products */;
			projectDirPath = "";
			projectRoot = "";
			targets = (
				45E5B5DE2A8EA04100B46CDC /* SwiftGraphicsDemosApp */,
			);
		};
/* End PBXProject section */

/* Begin PBXResourcesBuildPhase section */
		45E5B5DD2A8EA04100B46CDC /* Resources */ = {
			isa = PBXResourcesBuildPhase;
			buildActionMask = 2147483647;
			files = (
				45DEA3A82C174F92007481D8 /* cube_points.pointsply in Resources */,
				45DA912C2BF158380070FD0C /* Info-visionOS.plist in Resources */,
				45CDB0442BF4025700096326 /* Assets.xcassets in Resources */,
			);
			runOnlyForDeploymentPostprocessing = 0;
		};
/* End PBXResourcesBuildPhase section */

/* Begin PBXShellScriptBuildPhase section */
		455E029F2C33550B0065093A /* Run Script: Swiftlint */ = {
			isa = PBXShellScriptBuildPhase;
			alwaysOutOfDate = 1;
			buildActionMask = 2147483647;
			files = (
			);
			inputFileListPaths = (
			);
			inputPaths = (
			);
			name = "Run Script: Swiftlint";
			outputFileListPaths = (
			);
			outputPaths = (
			);
			runOnlyForDeploymentPostprocessing = 0;
			shellPath = /bin/sh;
			shellScript = "#!/bin/bash\n\nswiftlint_paths=(\n    /opt/homebrew/bin/swiftlint\n    /usr/local/bin/swiftlint\n    /usr/bin/swiftlint\n)\n\ncd ../..\nfor path in \"${swiftlint_paths[@]}\"\ndo\n    if [ -x \"$path\" ]; then\n        \"$path\" --quiet\n        exit 0\n    fi\ndone\n\necho \"WARNING: swiftlint not found in the specified locations.\"\nexit 0\n";
			showEnvVarsInLog = 0;
		};
/* End PBXShellScriptBuildPhase section */

/* Begin PBXSourcesBuildPhase section */
		45E5B5DB2A8EA04100B46CDC /* Sources */ = {
			isa = PBXSourcesBuildPhase;
			buildActionMask = 2147483647;
			files = (
				45E5B5E32A8EA04100B46CDC /* SwiftGraphicsDemosApp.swift in Sources */,
			);
			runOnlyForDeploymentPostprocessing = 0;
		};
/* End PBXSourcesBuildPhase section */

/* Begin XCBuildConfiguration section */
		45E5B6022A8EA04400B46CDC /* Debug */ = {
			isa = XCBuildConfiguration;
			baseConfigurationReference = 45DA91462BF15B070070FD0C /* Project-Debug.xcconfig */;
			buildSettings = {
			};
			name = Debug;
		};
		45E5B6032A8EA04400B46CDC /* Release */ = {
			isa = XCBuildConfiguration;
			baseConfigurationReference = 45DA91472BF15B070070FD0C /* Project-Release.xcconfig */;
			buildSettings = {
			};
			name = Release;
		};
		45E5B6052A8EA04400B46CDC /* Debug */ = {
			isa = XCBuildConfiguration;
			baseConfigurationReference = 45DA91492BF15B070070FD0C /* SwiftGraphicsDemos-Debug.xcconfig */;
			buildSettings = {
				INFOPLIST_KEY_GCSupportsControllerUserInteraction = YES;
				INFOPLIST_KEY_UISupportedInterfaceOrientations_iPad = "UIInterfaceOrientationPortrait UIInterfaceOrientationPortraitUpsideDown UIInterfaceOrientationLandscapeLeft UIInterfaceOrientationLandscapeRight";
				INFOPLIST_KEY_UISupportedInterfaceOrientations_iPhone = "UIInterfaceOrientationPortrait UIInterfaceOrientationLandscapeLeft UIInterfaceOrientationLandscapeRight";
				_EXPERIMENTAL_SWIFT_EXPLICIT_MODULES = YES;
			};
			name = Debug;
		};
		45E5B6062A8EA04400B46CDC /* Release */ = {
			isa = XCBuildConfiguration;
			baseConfigurationReference = 45DA914A2BF15B070070FD0C /* SwiftGraphicsDemos-Release.xcconfig */;
			buildSettings = {
				INFOPLIST_KEY_GCSupportsControllerUserInteraction = YES;
				INFOPLIST_KEY_UISupportedInterfaceOrientations_iPad = "UIInterfaceOrientationPortrait UIInterfaceOrientationPortraitUpsideDown UIInterfaceOrientationLandscapeLeft UIInterfaceOrientationLandscapeRight";
				INFOPLIST_KEY_UISupportedInterfaceOrientations_iPhone = "UIInterfaceOrientationPortrait UIInterfaceOrientationLandscapeLeft UIInterfaceOrientationLandscapeRight";
				_EXPERIMENTAL_SWIFT_EXPLICIT_MODULES = YES;
			};
			name = Release;
		};
/* End XCBuildConfiguration section */

/* Begin XCConfigurationList section */
		45E5B5DA2A8EA04100B46CDC /* Build configuration list for PBXProject "SwiftGraphicsDemosApp" */ = {
			isa = XCConfigurationList;
			buildConfigurations = (
				45E5B6022A8EA04400B46CDC /* Debug */,
				45E5B6032A8EA04400B46CDC /* Release */,
			);
			defaultConfigurationIsVisible = 0;
			defaultConfigurationName = Release;
		};
		45E5B6042A8EA04400B46CDC /* Build configuration list for PBXNativeTarget "SwiftGraphicsDemosApp" */ = {
			isa = XCConfigurationList;
			buildConfigurations = (
				45E5B6052A8EA04400B46CDC /* Debug */,
				45E5B6062A8EA04400B46CDC /* Release */,
			);
			defaultConfigurationIsVisible = 0;
			defaultConfigurationName = Release;
		};
/* End XCConfigurationList section */

/* Begin XCRemoteSwiftPackageReference section */
		45F30F4D2BF15EAC00446D45 /* XCRemoteSwiftPackageReference "SwiftGLTF" */ = {
			isa = XCRemoteSwiftPackageReference;
			repositoryURL = "https://github.com/schwa/SwiftGLTF";
			requirement = {
				branch = main;
				kind = branch;
			};
		};
/* End XCRemoteSwiftPackageReference section */

/* Begin XCSwiftPackageProductDependency section */
		4501BD6E2C37204B002CE55F /* SwiftGraphicsDemos */ = {
			isa = XCSwiftPackageProductDependency;
			productName = SwiftGraphicsDemos;
		};
/* End XCSwiftPackageProductDependency section */
	};
	rootObject = 45E5B5D72A8EA04100B46CDC /* Project object */;
}
