// !$*UTF8*$!
{
	archiveVersion = 1;
	classes = {
	};
	objectVersion = 60;
	objects = {

/* Begin PBXBuildFile section */
		452586342BBCF8B8003E85B4 /* LineDemoView.swift in Sources */ = {isa = PBXBuildFile; fileRef = 452586332BBCF8B8003E85B4 /* LineDemoView.swift */; };
		452BF0462BE7DFF600F6E7D0 /* AngleDemoView.swift in Sources */ = {isa = PBXBuildFile; fileRef = 452BF0452BE7DFF600F6E7D0 /* AngleDemoView.swift */; };
		452D82C72BC9C6F00054218F /* SignedDistanceFields.metal in Sources */ = {isa = PBXBuildFile; fileRef = 452D82C62BC9C6F00054218F /* SignedDistanceFields.metal */; };
		452D82C92BCA301C0054218F /* SketchView.swift in Sources */ = {isa = PBXBuildFile; fileRef = 452D82C82BCA301C0054218F /* SketchView.swift */; };
		4530821A2BE6898300F3FBFF /* Hobby.swift in Sources */ = {isa = PBXBuildFile; fileRef = 453082192BE6898300F3FBFF /* Hobby.swift */; };
		4530821C2BE68E7D00F3FBFF /* HobbyCurveView.swift in Sources */ = {isa = PBXBuildFile; fileRef = 4530821B2BE68E7D00F3FBFF /* HobbyCurveView.swift */; };
		4530821E2BE692A500F3FBFF /* DemosView.swift in Sources */ = {isa = PBXBuildFile; fileRef = 4530821D2BE692A500F3FBFF /* DemosView.swift */; };
		453082202BE6954300F3FBFF /* SplineDemoView.swift in Sources */ = {isa = PBXBuildFile; fileRef = 4530821F2BE6954300F3FBFF /* SplineDemoView.swift */; };
		453082222BE6B09600F3FBFF /* Handles.swift in Sources */ = {isa = PBXBuildFile; fileRef = 453082212BE6B09600F3FBFF /* Handles.swift */; };
		453777EB2BC096BB00E600A6 /* BeziersView.swift in Sources */ = {isa = PBXBuildFile; fileRef = 453777EA2BC096BB00E600A6 /* BeziersView.swift */; };
		45493BE62A8F140A0057FD00 /* my_color_effect.metal in Sources */ = {isa = PBXBuildFile; fileRef = 45493BE52A8F140A0057FD00 /* my_color_effect.metal */; };
		455E61DD2BCD7A5000EAC5E0 /* Tools.swift in Sources */ = {isa = PBXBuildFile; fileRef = 455E61DC2BCD7A5000EAC5E0 /* Tools.swift */; };
		456A74322A95531B00E75A8E /* ContentView.swift in Sources */ = {isa = PBXBuildFile; fileRef = 456A74312A95531B00E75A8E /* ContentView.swift */; };
		458956972BE8121F00D5AF6E /* Spline.swift in Sources */ = {isa = PBXBuildFile; fileRef = 458956962BE8121F00D5AF6E /* Spline.swift */; };
		4589EEF62BE852D6001261B9 /* BoxesView.swift in Sources */ = {isa = PBXBuildFile; fileRef = 4589EEEA2BE852D6001261B9 /* BoxesView.swift */; };
		4589EEF72BE852D6001261B9 /* HalfEdgeView.swift in Sources */ = {isa = PBXBuildFile; fileRef = 4589EEEB2BE852D6001261B9 /* HalfEdgeView.swift */; };
		4589EEF82BE852D6001261B9 /* Inspectors.swift in Sources */ = {isa = PBXBuildFile; fileRef = 4589EEEC2BE852D6001261B9 /* Inspectors.swift */; };
		4589EEF92BE852D6001261B9 /* MeshView.swift in Sources */ = {isa = PBXBuildFile; fileRef = 4589EEED2BE852D6001261B9 /* MeshView.swift */; };
		4589EEFA2BE852D6001261B9 /* SoftwareRendererView.swift in Sources */ = {isa = PBXBuildFile; fileRef = 4589EEEE2BE852D6001261B9 /* SoftwareRendererView.swift */; };
		4589EEFB2BE852D6001261B9 /* Cube.ply in Resources */ = {isa = PBXBuildFile; fileRef = 4589EEF02BE852D6001261B9 /* Cube.ply */; };
		4589EEFC2BE852D6001261B9 /* Icosphere.ply in Resources */ = {isa = PBXBuildFile; fileRef = 4589EEF12BE852D6001261B9 /* Icosphere.ply */; };
		4589EEFD2BE852D6001261B9 /* Monkey.ply in Resources */ = {isa = PBXBuildFile; fileRef = 4589EEF22BE852D6001261B9 /* Monkey.ply */; };
		4589EEFE2BE852D6001261B9 /* Square.ply in Resources */ = {isa = PBXBuildFile; fileRef = 4589EEF32BE852D6001261B9 /* Square.ply */; };
		4589EEFF2BE852D6001261B9 /* Teapot.ply in Resources */ = {isa = PBXBuildFile; fileRef = 4589EEF42BE852D6001261B9 /* Teapot.ply */; };
		4589EF032BE85302001261B9 /* BallRotationModifier.swift in Sources */ = {isa = PBXBuildFile; fileRef = 4589EF002BE85302001261B9 /* BallRotationModifier.swift */; };
		4589EF042BE85302001261B9 /* Projections.swift in Sources */ = {isa = PBXBuildFile; fileRef = 4589EF012BE85302001261B9 /* Projections.swift */; };
		4589EF082BE85328001261B9 /* ProjectionSupport.swift in Sources */ = {isa = PBXBuildFile; fileRef = 4589EF072BE85328001261B9 /* ProjectionSupport.swift */; };
		459DEFE22BCC470F00DE8245 /* MetalFunctions.swift in Sources */ = {isa = PBXBuildFile; fileRef = 459DEFE12BCC470F00DE8245 /* MetalFunctions.swift */; };
		459DEFE52BCC761F00DE8245 /* MyShape.swift in Sources */ = {isa = PBXBuildFile; fileRef = 459DEFE42BCC761F00DE8245 /* MyShape.swift */; };
		459DEFE82BCCE45600DE8245 /* ShapesDemoView.swift in Sources */ = {isa = PBXBuildFile; fileRef = 459DEFE72BCCE45600DE8245 /* ShapesDemoView.swift */; };
		459DEFEA2BCCF18200DE8245 /* ShaderTestView.swift in Sources */ = {isa = PBXBuildFile; fileRef = 459DEFE92BCCF18200DE8245 /* ShaderTestView.swift */; };
		459F585E2BF30E140021EBA1 /* GenericGeometryBase in Frameworks */ = {isa = PBXBuildFile; productRef = 459F585D2BF30E140021EBA1 /* GenericGeometryBase */; };
		45B268AB2A8FDA000033A727 /* LegacyPathEditor.swift in Sources */ = {isa = PBXBuildFile; fileRef = 45B268AA2A8FDA000033A727 /* LegacyPathEditor.swift */; };
		45B268AD2A8FDA060033A727 /* Support.swift in Sources */ = {isa = PBXBuildFile; fileRef = 45B268AC2A8FDA060033A727 /* Support.swift */; };
		45B9D2802BCC28DF001F717E /* GraphicsContextProtocol.swift in Sources */ = {isa = PBXBuildFile; fileRef = 45B9D27C2BCC28DF001F717E /* GraphicsContextProtocol.swift */; };
		45B9D2822BCC28DF001F717E /* QuartzContext.swift in Sources */ = {isa = PBXBuildFile; fileRef = 45B9D27E2BCC28DF001F717E /* QuartzContext.swift */; };
		45C41A9D2BD76625006FBA7B /* Beziers2.swift in Sources */ = {isa = PBXBuildFile; fileRef = 45C41A9C2BD76625006FBA7B /* Beziers2.swift */; };
		45DA90D12BF158380070FD0C /* FirstPersonInteractiveViewModifier.swift in Sources */ = {isa = PBXBuildFile; fileRef = 45DA90492BF158380070FD0C /* FirstPersonInteractiveViewModifier.swift */; };
		45DA90D22BF158380070FD0C /* GameControllerWidget.swift in Sources */ = {isa = PBXBuildFile; fileRef = 45DA904A2BF158380070FD0C /* GameControllerWidget.swift */; };
		45DA90D32BF158380070FD0C /* MovementController.swift in Sources */ = {isa = PBXBuildFile; fileRef = 45DA904B2BF158380070FD0C /* MovementController.swift */; };
		45DA90D42BF158380070FD0C /* MetalCanvas.swift in Sources */ = {isa = PBXBuildFile; fileRef = 45DA904D2BF158380070FD0C /* MetalCanvas.swift */; };
		45DA90E32BF158380070FD0C /* Particles.swift in Sources */ = {isa = PBXBuildFile; fileRef = 45DA905E2BF158380070FD0C /* Particles.swift */; };
		45DA90E42BF158380070FD0C /* ParticlesRenderJob.swift in Sources */ = {isa = PBXBuildFile; fileRef = 45DA905F2BF158380070FD0C /* ParticlesRenderJob.swift */; };
		45DA90E52BF158380070FD0C /* SimulationView.swift in Sources */ = {isa = PBXBuildFile; fileRef = 45DA90602BF158380070FD0C /* SimulationView.swift */; };
		45DA90E62BF158380070FD0C /* Particles2.swift in Sources */ = {isa = PBXBuildFile; fileRef = 45DA90622BF158380070FD0C /* Particles2.swift */; };
		45DA90F62BF158380070FD0C /* ShaderToy.metal in Sources */ = {isa = PBXBuildFile; fileRef = 45DA90752BF158380070FD0C /* ShaderToy.metal */; };
		45DA90F72BF158380070FD0C /* ShaderToyView.swift in Sources */ = {isa = PBXBuildFile; fileRef = 45DA90762BF158380070FD0C /* ShaderToyView.swift */; };
		45DA90F82BF158380070FD0C /* BarramundiFish.glb in Resources */ = {isa = PBXBuildFile; fileRef = 45DA90782BF158380070FD0C /* BarramundiFish.glb */; };
		45DA90F92BF158380070FD0C /* Cube.glb in Resources */ = {isa = PBXBuildFile; fileRef = 45DA90792BF158380070FD0C /* Cube.glb */; };
		45DA90FA2BF158380070FD0C /* FlatMaterial.swift in Sources */ = {isa = PBXBuildFile; fileRef = 45DA907A2BF158380070FD0C /* FlatMaterial.swift */; };
		45DA90FB2BF158380070FD0C /* GLTF+YAMesh.swift in Sources */ = {isa = PBXBuildFile; fileRef = 45DA907B2BF158380070FD0C /* GLTF+YAMesh.swift */; };
		45DA90FC2BF158380070FD0C /* PanoramaRenderJob.swift in Sources */ = {isa = PBXBuildFile; fileRef = 45DA907C2BF158380070FD0C /* PanoramaRenderJob.swift */; };
		45DA90FD2BF158380070FD0C /* SimpleJobsBasedRenderPass.swift in Sources */ = {isa = PBXBuildFile; fileRef = 45DA907D2BF158380070FD0C /* SimpleJobsBasedRenderPass.swift */; };
		45DA90FE2BF158380070FD0C /* SimpleMesh.swift in Sources */ = {isa = PBXBuildFile; fileRef = 45DA907E2BF158380070FD0C /* SimpleMesh.swift */; };
		45DA90FF2BF158380070FD0C /* SimpleScene.swift in Sources */ = {isa = PBXBuildFile; fileRef = 45DA907F2BF158380070FD0C /* SimpleScene.swift */; };
		45DA91002BF158380070FD0C /* SimpleScene+Demo.swift in Sources */ = {isa = PBXBuildFile; fileRef = 45DA90802BF158380070FD0C /* SimpleScene+Demo.swift */; };
		45DA91012BF158380070FD0C /* SimpleSceneInspector.swift in Sources */ = {isa = PBXBuildFile; fileRef = 45DA90812BF158380070FD0C /* SimpleSceneInspector.swift */; };
		45DA91022BF158380070FD0C /* SimpleSceneMapView.swift in Sources */ = {isa = PBXBuildFile; fileRef = 45DA90822BF158380070FD0C /* SimpleSceneMapView.swift */; };
		45DA91032BF158380070FD0C /* SimpleSceneRenderPass.swift in Sources */ = {isa = PBXBuildFile; fileRef = 45DA90832BF158380070FD0C /* SimpleSceneRenderPass.swift */; };
		45DA91042BF158380070FD0C /* SimpleSceneView.swift in Sources */ = {isa = PBXBuildFile; fileRef = 45DA90842BF158380070FD0C /* SimpleSceneView.swift */; };
		45DA91052BF158380070FD0C /* TextureManager.swift in Sources */ = {isa = PBXBuildFile; fileRef = 45DA90852BF158380070FD0C /* TextureManager.swift */; };
		45DA91062BF158380070FD0C /* UnlitMaterial.swift in Sources */ = {isa = PBXBuildFile; fileRef = 45DA90862BF158380070FD0C /* UnlitMaterial.swift */; };
		45DA91072BF158380070FD0C /* YAMesh+Conversion.swift in Sources */ = {isa = PBXBuildFile; fileRef = 45DA90872BF158380070FD0C /* YAMesh+Conversion.swift */; };
		45DA91082BF158380070FD0C /* adjectives.txt in Resources */ = {isa = PBXBuildFile; fileRef = 45DA90892BF158380070FD0C /* adjectives.txt */; };
		45DA91092BF158380070FD0C /* Bindings.swift in Sources */ = {isa = PBXBuildFile; fileRef = 45DA908A2BF158380070FD0C /* Bindings.swift */; };
		45DA910A2BF158380070FD0C /* Cache.swift in Sources */ = {isa = PBXBuildFile; fileRef = 45DA908B2BF158380070FD0C /* Cache.swift */; };
		45DA910B2BF158380070FD0C /* Counters.swift in Sources */ = {isa = PBXBuildFile; fileRef = 45DA908C2BF158380070FD0C /* Counters.swift */; };
		45DA910C2BF158380070FD0C /* DisplayLink.swift in Sources */ = {isa = PBXBuildFile; fileRef = 45DA908D2BF158380070FD0C /* DisplayLink.swift */; };
		45DA910D2BF158380070FD0C /* Gradient.swift in Sources */ = {isa = PBXBuildFile; fileRef = 45DA908E2BF158380070FD0C /* Gradient.swift */; };
		45DA910E2BF158380070FD0C /* Logging.swift in Sources */ = {isa = PBXBuildFile; fileRef = 45DA908F2BF158380070FD0C /* Logging.swift */; };
		45DA910F2BF158380070FD0C /* Names.swift in Sources */ = {isa = PBXBuildFile; fileRef = 45DA90902BF158380070FD0C /* Names.swift */; };
		45DA91102BF158380070FD0C /* nouns.txt in Resources */ = {isa = PBXBuildFile; fileRef = 45DA90912BF158380070FD0C /* nouns.txt */; };
		45DA91122BF158380070FD0C /* Resources.swift in Sources */ = {isa = PBXBuildFile; fileRef = 45DA90932BF158380070FD0C /* Resources.swift */; };
		45DA91132BF158380070FD0C /* RKSupport.swift in Sources */ = {isa = PBXBuildFile; fileRef = 45DA90942BF158380070FD0C /* RKSupport.swift */; };
		45DA91142BF158380070FD0C /* SwiftUI+Support.swift in Sources */ = {isa = PBXBuildFile; fileRef = 45DA90952BF158380070FD0C /* SwiftUI+Support.swift */; };
		45DA91152BF158380070FD0C /* TarArchive.swift in Sources */ = {isa = PBXBuildFile; fileRef = 45DA90962BF158380070FD0C /* TarArchive.swift */; };
		45DA91222BF158380070FD0C /* StanfordVolumeData.tar in Resources */ = {isa = PBXBuildFile; fileRef = 45DA90A52BF158380070FD0C /* StanfordVolumeData.tar */; };
		45DA91232BF158380070FD0C /* VolumeData.swift in Sources */ = {isa = PBXBuildFile; fileRef = 45DA90A62BF158380070FD0C /* VolumeData.swift */; };
		45DA91242BF158380070FD0C /* VolumetricRenderPass.swift in Sources */ = {isa = PBXBuildFile; fileRef = 45DA90A72BF158380070FD0C /* VolumetricRenderPass.swift */; };
		45DA91252BF158380070FD0C /* VolumetricView.swift in Sources */ = {isa = PBXBuildFile; fileRef = 45DA90A82BF158380070FD0C /* VolumetricView.swift */; };
		45DA91262BF158380070FD0C /* Assets.xcassets in Resources */ = {isa = PBXBuildFile; fileRef = 45DA90AA2BF158380070FD0C /* Assets.xcassets */; };
		45DA91272BF158380070FD0C /* ContentView-VisionOS.swift in Sources */ = {isa = PBXBuildFile; fileRef = 45DA90AB2BF158380070FD0C /* ContentView-VisionOS.swift */; };
		45DA91292BF158380070FD0C /* CSGDemoView.swift in Sources */ = {isa = PBXBuildFile; fileRef = 45DA90AD2BF158380070FD0C /* CSGDemoView.swift */; };
		45DA912A2BF158380070FD0C /* DemosApp-VisionOS.swift in Sources */ = {isa = PBXBuildFile; fileRef = 45DA90AF2BF158380070FD0C /* DemosApp-VisionOS.swift */; };
		45DA912B2BF158380070FD0C /* DemosApp.swift in Sources */ = {isa = PBXBuildFile; fileRef = 45DA90B02BF158380070FD0C /* DemosApp.swift */; };
		45DA912C2BF158380070FD0C /* Info-visionOS.plist in Resources */ = {isa = PBXBuildFile; fileRef = 45DA90B12BF158380070FD0C /* Info-visionOS.plist */; };
		45DA912E2BF158380070FD0C /* PixelFormatsView.swift in Sources */ = {isa = PBXBuildFile; fileRef = 45DA90B32BF158380070FD0C /* PixelFormatsView.swift */; };
		45DA912F2BF158380070FD0C /* Scratch.swift in Sources */ = {isa = PBXBuildFile; fileRef = 45DA90B42BF158380070FD0C /* Scratch.swift */; };
		45DA91302BF158380070FD0C /* ScreenSpaceDemoView.swift in Sources */ = {isa = PBXBuildFile; fileRef = 45DA90B52BF158380070FD0C /* ScreenSpaceDemoView.swift */; };
		45DA91322BF158380070FD0C /* TextureView.swift in Sources */ = {isa = PBXBuildFile; fileRef = 45DA90B72BF158380070FD0C /* TextureView.swift */; };
		45DA91542BF15D1A0070FD0C /* Compute in Frameworks */ = {isa = PBXBuildFile; productRef = 45DA91532BF15D1A0070FD0C /* Compute */; };
		45DA91572BF15D2B0070FD0C /* DemosSupport in Frameworks */ = {isa = PBXBuildFile; productRef = 45DA91562BF15D2B0070FD0C /* DemosSupport */; };
		45E5B5E32A8EA04100B46CDC /* SwiftGraphicsDemosApp.swift in Sources */ = {isa = PBXBuildFile; fileRef = 45E5B5E22A8EA04100B46CDC /* SwiftGraphicsDemosApp.swift */; };
		45E5B5E52A8EA04100B46CDC /* CustomStrokeView.swift in Sources */ = {isa = PBXBuildFile; fileRef = 45E5B5E42A8EA04100B46CDC /* CustomStrokeView.swift */; };
		45E5B5EB2A8EA04400B46CDC /* Preview Assets.xcassets in Resources */ = {isa = PBXBuildFile; fileRef = 45E5B5EA2A8EA04400B46CDC /* Preview Assets.xcassets */; };
		45F30F2C2BF15DA500446D45 /* DemosSupport in Frameworks */ = {isa = PBXBuildFile; productRef = 45F30F2B2BF15DA500446D45 /* DemosSupport */; };
		45F30F2E2BF15DBC00446D45 /* Array2D in Frameworks */ = {isa = PBXBuildFile; productRef = 45F30F2D2BF15DBC00446D45 /* Array2D */; };
		45F30F302BF15DBC00446D45 /* CoreGraphicsSupport in Frameworks */ = {isa = PBXBuildFile; productRef = 45F30F2F2BF15DBC00446D45 /* CoreGraphicsSupport */; };
		45F30F322BF15DBC00446D45 /* Earcut in Frameworks */ = {isa = PBXBuildFile; productRef = 45F30F312BF15DBC00446D45 /* Earcut */; };
		45F30F362BF15DBC00446D45 /* MetalSupport in Frameworks */ = {isa = PBXBuildFile; productRef = 45F30F352BF15DBC00446D45 /* MetalSupport */; };
		45F30F382BF15DBC00446D45 /* MetalSupportUnsafeConformances in Frameworks */ = {isa = PBXBuildFile; productRef = 45F30F372BF15DBC00446D45 /* MetalSupportUnsafeConformances */; };
		45F30F3A2BF15DBC00446D45 /* Projection in Frameworks */ = {isa = PBXBuildFile; productRef = 45F30F392BF15DBC00446D45 /* Projection */; };
		45F30F3C2BF15DBC00446D45 /* Raster in Frameworks */ = {isa = PBXBuildFile; productRef = 45F30F3B2BF15DBC00446D45 /* Raster */; };
		45F30F3E2BF15DBC00446D45 /* RenderKit in Frameworks */ = {isa = PBXBuildFile; productRef = 45F30F3D2BF15DBC00446D45 /* RenderKit */; };
		45F30F402BF15DBC00446D45 /* RenderKitScratch in Frameworks */ = {isa = PBXBuildFile; productRef = 45F30F3F2BF15DBC00446D45 /* RenderKitScratch */; };
		45F30F422BF15DBC00446D45 /* RenderKitShaders in Frameworks */ = {isa = PBXBuildFile; productRef = 45F30F412BF15DBC00446D45 /* RenderKitShaders */; };
		45F30F442BF15DBC00446D45 /* Shapes2D in Frameworks */ = {isa = PBXBuildFile; productRef = 45F30F432BF15DBC00446D45 /* Shapes2D */; };
		45F30F462BF15DBC00446D45 /* Shapes3D in Frameworks */ = {isa = PBXBuildFile; productRef = 45F30F452BF15DBC00446D45 /* Shapes3D */; };
		45F30F482BF15DBC00446D45 /* SIMDSupport in Frameworks */ = {isa = PBXBuildFile; productRef = 45F30F472BF15DBC00446D45 /* SIMDSupport */; };
		45F30F4A2BF15DBC00446D45 /* SIMDSupportUnsafeConformances in Frameworks */ = {isa = PBXBuildFile; productRef = 45F30F492BF15DBC00446D45 /* SIMDSupportUnsafeConformances */; };
		45F30F4C2BF15DBC00446D45 /* Sketches in Frameworks */ = {isa = PBXBuildFile; productRef = 45F30F4B2BF15DBC00446D45 /* Sketches */; };
		45F30F4F2BF15EAC00446D45 /* SwiftGLTF in Frameworks */ = {isa = PBXBuildFile; productRef = 45F30F4E2BF15EAC00446D45 /* SwiftGLTF */; };
/* End PBXBuildFile section */

/* Begin PBXFileReference section */
		452586332BBCF8B8003E85B4 /* LineDemoView.swift */ = {isa = PBXFileReference; lastKnownFileType = sourcecode.swift; path = LineDemoView.swift; sourceTree = "<group>"; };
		452BF0452BE7DFF600F6E7D0 /* AngleDemoView.swift */ = {isa = PBXFileReference; lastKnownFileType = sourcecode.swift; path = AngleDemoView.swift; sourceTree = "<group>"; };
		452D82C62BC9C6F00054218F /* SignedDistanceFields.metal */ = {isa = PBXFileReference; lastKnownFileType = sourcecode.metal; path = SignedDistanceFields.metal; sourceTree = "<group>"; };
		452D82C82BCA301C0054218F /* SketchView.swift */ = {isa = PBXFileReference; lastKnownFileType = sourcecode.swift; path = SketchView.swift; sourceTree = "<group>"; };
		453082192BE6898300F3FBFF /* Hobby.swift */ = {isa = PBXFileReference; lastKnownFileType = sourcecode.swift; path = Hobby.swift; sourceTree = "<group>"; };
		4530821B2BE68E7D00F3FBFF /* HobbyCurveView.swift */ = {isa = PBXFileReference; lastKnownFileType = sourcecode.swift; path = HobbyCurveView.swift; sourceTree = "<group>"; };
		4530821D2BE692A500F3FBFF /* DemosView.swift */ = {isa = PBXFileReference; lastKnownFileType = sourcecode.swift; path = DemosView.swift; sourceTree = "<group>"; };
		4530821F2BE6954300F3FBFF /* SplineDemoView.swift */ = {isa = PBXFileReference; lastKnownFileType = sourcecode.swift; path = SplineDemoView.swift; sourceTree = "<group>"; };
		453082212BE6B09600F3FBFF /* Handles.swift */ = {isa = PBXFileReference; lastKnownFileType = sourcecode.swift; path = Handles.swift; sourceTree = "<group>"; };
		453777EA2BC096BB00E600A6 /* BeziersView.swift */ = {isa = PBXFileReference; lastKnownFileType = sourcecode.swift; path = BeziersView.swift; sourceTree = "<group>"; };
		45493BE52A8F140A0057FD00 /* my_color_effect.metal */ = {isa = PBXFileReference; lastKnownFileType = sourcecode.metal; path = my_color_effect.metal; sourceTree = "<group>"; };
		455E61DC2BCD7A5000EAC5E0 /* Tools.swift */ = {isa = PBXFileReference; lastKnownFileType = sourcecode.swift; path = Tools.swift; sourceTree = "<group>"; };
		456A74312A95531B00E75A8E /* ContentView.swift */ = {isa = PBXFileReference; lastKnownFileType = sourcecode.swift; path = ContentView.swift; sourceTree = "<group>"; };
		458956962BE8121F00D5AF6E /* Spline.swift */ = {isa = PBXFileReference; lastKnownFileType = sourcecode.swift; path = Spline.swift; sourceTree = "<group>"; };
		4589EEEA2BE852D6001261B9 /* BoxesView.swift */ = {isa = PBXFileReference; fileEncoding = 4; lastKnownFileType = sourcecode.swift; path = BoxesView.swift; sourceTree = "<group>"; };
		4589EEEB2BE852D6001261B9 /* HalfEdgeView.swift */ = {isa = PBXFileReference; fileEncoding = 4; lastKnownFileType = sourcecode.swift; path = HalfEdgeView.swift; sourceTree = "<group>"; };
		4589EEEC2BE852D6001261B9 /* Inspectors.swift */ = {isa = PBXFileReference; fileEncoding = 4; lastKnownFileType = sourcecode.swift; path = Inspectors.swift; sourceTree = "<group>"; };
		4589EEED2BE852D6001261B9 /* MeshView.swift */ = {isa = PBXFileReference; fileEncoding = 4; lastKnownFileType = sourcecode.swift; path = MeshView.swift; sourceTree = "<group>"; };
		4589EEEE2BE852D6001261B9 /* SoftwareRendererView.swift */ = {isa = PBXFileReference; fileEncoding = 4; lastKnownFileType = sourcecode.swift; path = SoftwareRendererView.swift; sourceTree = "<group>"; };
		4589EEF02BE852D6001261B9 /* Cube.ply */ = {isa = PBXFileReference; fileEncoding = 4; lastKnownFileType = text; path = Cube.ply; sourceTree = "<group>"; };
		4589EEF12BE852D6001261B9 /* Icosphere.ply */ = {isa = PBXFileReference; fileEncoding = 4; lastKnownFileType = text; path = Icosphere.ply; sourceTree = "<group>"; };
		4589EEF22BE852D6001261B9 /* Monkey.ply */ = {isa = PBXFileReference; fileEncoding = 4; lastKnownFileType = text; path = Monkey.ply; sourceTree = "<group>"; };
		4589EEF32BE852D6001261B9 /* Square.ply */ = {isa = PBXFileReference; fileEncoding = 4; lastKnownFileType = text; path = Square.ply; sourceTree = "<group>"; };
		4589EEF42BE852D6001261B9 /* Teapot.ply */ = {isa = PBXFileReference; fileEncoding = 4; lastKnownFileType = text; path = Teapot.ply; sourceTree = "<group>"; };
		4589EF002BE85302001261B9 /* BallRotationModifier.swift */ = {isa = PBXFileReference; fileEncoding = 4; lastKnownFileType = sourcecode.swift; path = BallRotationModifier.swift; sourceTree = "<group>"; };
		4589EF012BE85302001261B9 /* Projections.swift */ = {isa = PBXFileReference; fileEncoding = 4; lastKnownFileType = sourcecode.swift; path = Projections.swift; sourceTree = "<group>"; };
		4589EF072BE85328001261B9 /* ProjectionSupport.swift */ = {isa = PBXFileReference; fileEncoding = 4; lastKnownFileType = sourcecode.swift; path = ProjectionSupport.swift; sourceTree = "<group>"; };
		459DEFE12BCC470F00DE8245 /* MetalFunctions.swift */ = {isa = PBXFileReference; lastKnownFileType = sourcecode.swift; path = MetalFunctions.swift; sourceTree = "<group>"; };
		459DEFE42BCC761F00DE8245 /* MyShape.swift */ = {isa = PBXFileReference; lastKnownFileType = sourcecode.swift; path = MyShape.swift; sourceTree = "<group>"; };
		459DEFE72BCCE45600DE8245 /* ShapesDemoView.swift */ = {isa = PBXFileReference; lastKnownFileType = sourcecode.swift; path = ShapesDemoView.swift; sourceTree = "<group>"; };
		459DEFE92BCCF18200DE8245 /* ShaderTestView.swift */ = {isa = PBXFileReference; lastKnownFileType = sourcecode.swift; path = ShaderTestView.swift; sourceTree = "<group>"; };
		45B268AA2A8FDA000033A727 /* LegacyPathEditor.swift */ = {isa = PBXFileReference; lastKnownFileType = sourcecode.swift; path = LegacyPathEditor.swift; sourceTree = "<group>"; };
		45B268AC2A8FDA060033A727 /* Support.swift */ = {isa = PBXFileReference; lastKnownFileType = sourcecode.swift; path = Support.swift; sourceTree = "<group>"; };
		45B642022A9EC70500171EE0 /* Info.plist */ = {isa = PBXFileReference; lastKnownFileType = text.plist; path = Info.plist; sourceTree = "<group>"; };
		45B9D27C2BCC28DF001F717E /* GraphicsContextProtocol.swift */ = {isa = PBXFileReference; fileEncoding = 4; lastKnownFileType = sourcecode.swift; path = GraphicsContextProtocol.swift; sourceTree = "<group>"; };
		45B9D27E2BCC28DF001F717E /* QuartzContext.swift */ = {isa = PBXFileReference; fileEncoding = 4; lastKnownFileType = sourcecode.swift; path = QuartzContext.swift; sourceTree = "<group>"; };
		45C41A9C2BD76625006FBA7B /* Beziers2.swift */ = {isa = PBXFileReference; lastKnownFileType = sourcecode.swift; path = Beziers2.swift; sourceTree = "<group>"; };
		45DA90492BF158380070FD0C /* FirstPersonInteractiveViewModifier.swift */ = {isa = PBXFileReference; fileEncoding = 4; lastKnownFileType = sourcecode.swift; path = FirstPersonInteractiveViewModifier.swift; sourceTree = "<group>"; };
		45DA904A2BF158380070FD0C /* GameControllerWidget.swift */ = {isa = PBXFileReference; fileEncoding = 4; lastKnownFileType = sourcecode.swift; path = GameControllerWidget.swift; sourceTree = "<group>"; };
		45DA904B2BF158380070FD0C /* MovementController.swift */ = {isa = PBXFileReference; fileEncoding = 4; lastKnownFileType = sourcecode.swift; path = MovementController.swift; sourceTree = "<group>"; };
		45DA904D2BF158380070FD0C /* MetalCanvas.swift */ = {isa = PBXFileReference; fileEncoding = 4; lastKnownFileType = sourcecode.swift; path = MetalCanvas.swift; sourceTree = "<group>"; };
		45DA905E2BF158380070FD0C /* Particles.swift */ = {isa = PBXFileReference; fileEncoding = 4; lastKnownFileType = sourcecode.swift; path = Particles.swift; sourceTree = "<group>"; };
		45DA905F2BF158380070FD0C /* ParticlesRenderJob.swift */ = {isa = PBXFileReference; fileEncoding = 4; lastKnownFileType = sourcecode.swift; path = ParticlesRenderJob.swift; sourceTree = "<group>"; };
		45DA90602BF158380070FD0C /* SimulationView.swift */ = {isa = PBXFileReference; fileEncoding = 4; lastKnownFileType = sourcecode.swift; path = SimulationView.swift; sourceTree = "<group>"; };
		45DA90622BF158380070FD0C /* Particles2.swift */ = {isa = PBXFileReference; fileEncoding = 4; lastKnownFileType = sourcecode.swift; path = Particles2.swift; sourceTree = "<group>"; };
		45DA90752BF158380070FD0C /* ShaderToy.metal */ = {isa = PBXFileReference; fileEncoding = 4; lastKnownFileType = sourcecode.metal; path = ShaderToy.metal; sourceTree = "<group>"; };
		45DA90762BF158380070FD0C /* ShaderToyView.swift */ = {isa = PBXFileReference; fileEncoding = 4; lastKnownFileType = sourcecode.swift; path = ShaderToyView.swift; sourceTree = "<group>"; };
		45DA90782BF158380070FD0C /* BarramundiFish.glb */ = {isa = PBXFileReference; lastKnownFileType = file; path = BarramundiFish.glb; sourceTree = "<group>"; };
		45DA90792BF158380070FD0C /* Cube.glb */ = {isa = PBXFileReference; lastKnownFileType = file; path = Cube.glb; sourceTree = "<group>"; };
		45DA907A2BF158380070FD0C /* FlatMaterial.swift */ = {isa = PBXFileReference; fileEncoding = 4; lastKnownFileType = sourcecode.swift; path = FlatMaterial.swift; sourceTree = "<group>"; };
		45DA907B2BF158380070FD0C /* GLTF+YAMesh.swift */ = {isa = PBXFileReference; fileEncoding = 4; lastKnownFileType = sourcecode.swift; path = "GLTF+YAMesh.swift"; sourceTree = "<group>"; };
		45DA907C2BF158380070FD0C /* PanoramaRenderJob.swift */ = {isa = PBXFileReference; fileEncoding = 4; lastKnownFileType = sourcecode.swift; path = PanoramaRenderJob.swift; sourceTree = "<group>"; };
		45DA907D2BF158380070FD0C /* SimpleJobsBasedRenderPass.swift */ = {isa = PBXFileReference; fileEncoding = 4; lastKnownFileType = sourcecode.swift; path = SimpleJobsBasedRenderPass.swift; sourceTree = "<group>"; };
		45DA907E2BF158380070FD0C /* SimpleMesh.swift */ = {isa = PBXFileReference; fileEncoding = 4; lastKnownFileType = sourcecode.swift; path = SimpleMesh.swift; sourceTree = "<group>"; };
		45DA907F2BF158380070FD0C /* SimpleScene.swift */ = {isa = PBXFileReference; fileEncoding = 4; lastKnownFileType = sourcecode.swift; path = SimpleScene.swift; sourceTree = "<group>"; };
		45DA90802BF158380070FD0C /* SimpleScene+Demo.swift */ = {isa = PBXFileReference; fileEncoding = 4; lastKnownFileType = sourcecode.swift; path = "SimpleScene+Demo.swift"; sourceTree = "<group>"; };
		45DA90812BF158380070FD0C /* SimpleSceneInspector.swift */ = {isa = PBXFileReference; fileEncoding = 4; lastKnownFileType = sourcecode.swift; path = SimpleSceneInspector.swift; sourceTree = "<group>"; };
		45DA90822BF158380070FD0C /* SimpleSceneMapView.swift */ = {isa = PBXFileReference; fileEncoding = 4; lastKnownFileType = sourcecode.swift; path = SimpleSceneMapView.swift; sourceTree = "<group>"; };
		45DA90832BF158380070FD0C /* SimpleSceneRenderPass.swift */ = {isa = PBXFileReference; fileEncoding = 4; lastKnownFileType = sourcecode.swift; path = SimpleSceneRenderPass.swift; sourceTree = "<group>"; };
		45DA90842BF158380070FD0C /* SimpleSceneView.swift */ = {isa = PBXFileReference; fileEncoding = 4; lastKnownFileType = sourcecode.swift; path = SimpleSceneView.swift; sourceTree = "<group>"; };
		45DA90852BF158380070FD0C /* TextureManager.swift */ = {isa = PBXFileReference; fileEncoding = 4; lastKnownFileType = sourcecode.swift; path = TextureManager.swift; sourceTree = "<group>"; };
		45DA90862BF158380070FD0C /* UnlitMaterial.swift */ = {isa = PBXFileReference; fileEncoding = 4; lastKnownFileType = sourcecode.swift; path = UnlitMaterial.swift; sourceTree = "<group>"; };
		45DA90872BF158380070FD0C /* YAMesh+Conversion.swift */ = {isa = PBXFileReference; fileEncoding = 4; lastKnownFileType = sourcecode.swift; path = "YAMesh+Conversion.swift"; sourceTree = "<group>"; };
		45DA90892BF158380070FD0C /* adjectives.txt */ = {isa = PBXFileReference; fileEncoding = 4; lastKnownFileType = text; path = adjectives.txt; sourceTree = "<group>"; };
		45DA908A2BF158380070FD0C /* Bindings.swift */ = {isa = PBXFileReference; fileEncoding = 4; lastKnownFileType = sourcecode.swift; path = Bindings.swift; sourceTree = "<group>"; };
		45DA908B2BF158380070FD0C /* Cache.swift */ = {isa = PBXFileReference; fileEncoding = 4; lastKnownFileType = sourcecode.swift; path = Cache.swift; sourceTree = "<group>"; };
		45DA908C2BF158380070FD0C /* Counters.swift */ = {isa = PBXFileReference; fileEncoding = 4; lastKnownFileType = sourcecode.swift; path = Counters.swift; sourceTree = "<group>"; };
		45DA908D2BF158380070FD0C /* DisplayLink.swift */ = {isa = PBXFileReference; fileEncoding = 4; lastKnownFileType = sourcecode.swift; path = DisplayLink.swift; sourceTree = "<group>"; };
		45DA908E2BF158380070FD0C /* Gradient.swift */ = {isa = PBXFileReference; fileEncoding = 4; lastKnownFileType = sourcecode.swift; path = Gradient.swift; sourceTree = "<group>"; };
		45DA908F2BF158380070FD0C /* Logging.swift */ = {isa = PBXFileReference; fileEncoding = 4; lastKnownFileType = sourcecode.swift; path = Logging.swift; sourceTree = "<group>"; };
		45DA90902BF158380070FD0C /* Names.swift */ = {isa = PBXFileReference; fileEncoding = 4; lastKnownFileType = sourcecode.swift; path = Names.swift; sourceTree = "<group>"; };
		45DA90912BF158380070FD0C /* nouns.txt */ = {isa = PBXFileReference; fileEncoding = 4; lastKnownFileType = text; path = nouns.txt; sourceTree = "<group>"; };
		45DA90932BF158380070FD0C /* Resources.swift */ = {isa = PBXFileReference; fileEncoding = 4; lastKnownFileType = sourcecode.swift; path = Resources.swift; sourceTree = "<group>"; };
		45DA90942BF158380070FD0C /* RKSupport.swift */ = {isa = PBXFileReference; fileEncoding = 4; lastKnownFileType = sourcecode.swift; path = RKSupport.swift; sourceTree = "<group>"; };
		45DA90952BF158380070FD0C /* SwiftUI+Support.swift */ = {isa = PBXFileReference; fileEncoding = 4; lastKnownFileType = sourcecode.swift; path = "SwiftUI+Support.swift"; sourceTree = "<group>"; };
		45DA90962BF158380070FD0C /* TarArchive.swift */ = {isa = PBXFileReference; fileEncoding = 4; lastKnownFileType = sourcecode.swift; path = TarArchive.swift; sourceTree = "<group>"; };
		45DA90A52BF158380070FD0C /* StanfordVolumeData.tar */ = {isa = PBXFileReference; lastKnownFileType = archive.tar; path = StanfordVolumeData.tar; sourceTree = "<group>"; };
		45DA90A62BF158380070FD0C /* VolumeData.swift */ = {isa = PBXFileReference; fileEncoding = 4; lastKnownFileType = sourcecode.swift; path = VolumeData.swift; sourceTree = "<group>"; };
		45DA90A72BF158380070FD0C /* VolumetricRenderPass.swift */ = {isa = PBXFileReference; fileEncoding = 4; lastKnownFileType = sourcecode.swift; path = VolumetricRenderPass.swift; sourceTree = "<group>"; };
		45DA90A82BF158380070FD0C /* VolumetricView.swift */ = {isa = PBXFileReference; fileEncoding = 4; lastKnownFileType = sourcecode.swift; path = VolumetricView.swift; sourceTree = "<group>"; };
		45DA90AA2BF158380070FD0C /* Assets.xcassets */ = {isa = PBXFileReference; lastKnownFileType = folder.assetcatalog; name = Assets.xcassets; path = "RenderKit-Demos/Demos/Assets.xcassets"; sourceTree = "<group>"; };
		45DA90AB2BF158380070FD0C /* ContentView-VisionOS.swift */ = {isa = PBXFileReference; fileEncoding = 4; lastKnownFileType = sourcecode.swift; path = "ContentView-VisionOS.swift"; sourceTree = "<group>"; };
		45DA90AD2BF158380070FD0C /* CSGDemoView.swift */ = {isa = PBXFileReference; fileEncoding = 4; lastKnownFileType = sourcecode.swift; path = CSGDemoView.swift; sourceTree = "<group>"; };
		45DA90AF2BF158380070FD0C /* DemosApp-VisionOS.swift */ = {isa = PBXFileReference; fileEncoding = 4; lastKnownFileType = sourcecode.swift; path = "DemosApp-VisionOS.swift"; sourceTree = "<group>"; };
		45DA90B02BF158380070FD0C /* DemosApp.swift */ = {isa = PBXFileReference; fileEncoding = 4; lastKnownFileType = sourcecode.swift; path = DemosApp.swift; sourceTree = "<group>"; };
		45DA90B12BF158380070FD0C /* Info-visionOS.plist */ = {isa = PBXFileReference; fileEncoding = 4; lastKnownFileType = text.plist.xml; path = "Info-visionOS.plist"; sourceTree = "<group>"; };
		45DA90B32BF158380070FD0C /* PixelFormatsView.swift */ = {isa = PBXFileReference; fileEncoding = 4; lastKnownFileType = sourcecode.swift; path = PixelFormatsView.swift; sourceTree = "<group>"; };
		45DA90B42BF158380070FD0C /* Scratch.swift */ = {isa = PBXFileReference; fileEncoding = 4; lastKnownFileType = sourcecode.swift; path = Scratch.swift; sourceTree = "<group>"; };
		45DA90B52BF158380070FD0C /* ScreenSpaceDemoView.swift */ = {isa = PBXFileReference; fileEncoding = 4; lastKnownFileType = sourcecode.swift; path = ScreenSpaceDemoView.swift; sourceTree = "<group>"; };
		45DA90B72BF158380070FD0C /* TextureView.swift */ = {isa = PBXFileReference; fileEncoding = 4; lastKnownFileType = sourcecode.swift; path = TextureView.swift; sourceTree = "<group>"; };
		45DA91412BF15A020070FD0C /* DemosSupport */ = {isa = PBXFileReference; lastKnownFileType = wrapper; name = DemosSupport; path = Packages/DemosSupport; sourceTree = "<group>"; };
		45DA91462BF15B070070FD0C /* Project-Debug.xcconfig */ = {isa = PBXFileReference; lastKnownFileType = text.xcconfig; path = "Project-Debug.xcconfig"; sourceTree = "<group>"; };
		45DA91472BF15B070070FD0C /* Project-Release.xcconfig */ = {isa = PBXFileReference; lastKnownFileType = text.xcconfig; path = "Project-Release.xcconfig"; sourceTree = "<group>"; };
		45DA91482BF15B070070FD0C /* Project-Shared.xcconfig */ = {isa = PBXFileReference; lastKnownFileType = text.xcconfig; path = "Project-Shared.xcconfig"; sourceTree = "<group>"; };
		45DA91492BF15B070070FD0C /* SwiftGraphicsDemos-Debug.xcconfig */ = {isa = PBXFileReference; lastKnownFileType = text.xcconfig; path = "SwiftGraphicsDemos-Debug.xcconfig"; sourceTree = "<group>"; };
		45DA914A2BF15B070070FD0C /* SwiftGraphicsDemos-Release.xcconfig */ = {isa = PBXFileReference; lastKnownFileType = text.xcconfig; path = "SwiftGraphicsDemos-Release.xcconfig"; sourceTree = "<group>"; };
		45DA914B2BF15B070070FD0C /* SwiftGraphicsDemos-Shared.xcconfig */ = {isa = PBXFileReference; lastKnownFileType = text.xcconfig; path = "SwiftGraphicsDemos-Shared.xcconfig"; sourceTree = "<group>"; };
		45DA91582BF15D6B0070FD0C /* SwiftGraphics */ = {isa = PBXFileReference; lastKnownFileType = wrapper; name = SwiftGraphics; path = ../..; sourceTree = "<group>"; };
		45E5B5DF2A8EA04100B46CDC /* SwiftGraphicsDemos.app */ = {isa = PBXFileReference; explicitFileType = wrapper.application; includeInIndex = 0; path = SwiftGraphicsDemos.app; sourceTree = BUILT_PRODUCTS_DIR; };
		45E5B5E22A8EA04100B46CDC /* SwiftGraphicsDemosApp.swift */ = {isa = PBXFileReference; lastKnownFileType = sourcecode.swift; path = SwiftGraphicsDemosApp.swift; sourceTree = "<group>"; };
		45E5B5E42A8EA04100B46CDC /* CustomStrokeView.swift */ = {isa = PBXFileReference; lastKnownFileType = sourcecode.swift; path = CustomStrokeView.swift; sourceTree = "<group>"; };
		45E5B5E82A8EA04400B46CDC /* SwiftGraphicsDemos.entitlements */ = {isa = PBXFileReference; lastKnownFileType = text.plist.entitlements; path = SwiftGraphicsDemos.entitlements; sourceTree = "<group>"; };
		45E5B5EA2A8EA04400B46CDC /* Preview Assets.xcassets */ = {isa = PBXFileReference; lastKnownFileType = folder.assetcatalog; path = "Preview Assets.xcassets"; sourceTree = "<group>"; };
/* End PBXFileReference section */

/* Begin PBXFrameworksBuildPhase section */
		45E5B5DC2A8EA04100B46CDC /* Frameworks */ = {
			isa = PBXFrameworksBuildPhase;
			buildActionMask = 2147483647;
			files = (
				45F30F322BF15DBC00446D45 /* Earcut in Frameworks */,
				45F30F2E2BF15DBC00446D45 /* Array2D in Frameworks */,
				45DA91542BF15D1A0070FD0C /* Compute in Frameworks */,
				45F30F4C2BF15DBC00446D45 /* Sketches in Frameworks */,
				45F30F462BF15DBC00446D45 /* Shapes3D in Frameworks */,
				45F30F302BF15DBC00446D45 /* CoreGraphicsSupport in Frameworks */,
				45F30F362BF15DBC00446D45 /* MetalSupport in Frameworks */,
				45F30F4F2BF15EAC00446D45 /* SwiftGLTF in Frameworks */,
				45F30F3E2BF15DBC00446D45 /* RenderKit in Frameworks */,
				45F30F442BF15DBC00446D45 /* Shapes2D in Frameworks */,
				45F30F3A2BF15DBC00446D45 /* Projection in Frameworks */,
				45DA91572BF15D2B0070FD0C /* DemosSupport in Frameworks */,
				45F30F482BF15DBC00446D45 /* SIMDSupport in Frameworks */,
				45F30F382BF15DBC00446D45 /* MetalSupportUnsafeConformances in Frameworks */,
				45F30F2C2BF15DA500446D45 /* DemosSupport in Frameworks */,
				45F30F402BF15DBC00446D45 /* RenderKitScratch in Frameworks */,
				45F30F4A2BF15DBC00446D45 /* SIMDSupportUnsafeConformances in Frameworks */,
				45F30F422BF15DBC00446D45 /* RenderKitShaders in Frameworks */,
				45F30F3C2BF15DBC00446D45 /* Raster in Frameworks */,
				459F585E2BF30E140021EBA1 /* GenericGeometryBase in Frameworks */,
			);
			runOnlyForDeploymentPostprocessing = 0;
		};
/* End PBXFrameworksBuildPhase section */

/* Begin PBXGroup section */
		4589EEEF2BE852D6001261B9 /* DemoViews */ = {
			isa = PBXGroup;
			children = (
				4589EEEA2BE852D6001261B9 /* BoxesView.swift */,
				4589EEEB2BE852D6001261B9 /* HalfEdgeView.swift */,
				4589EEEC2BE852D6001261B9 /* Inspectors.swift */,
				4589EEED2BE852D6001261B9 /* MeshView.swift */,
				4589EEEE2BE852D6001261B9 /* SoftwareRendererView.swift */,
			);
			path = DemoViews;
			sourceTree = "<group>";
		};
		4589EEF52BE852D6001261B9 /* Models */ = {
			isa = PBXGroup;
			children = (
				4589EEF02BE852D6001261B9 /* Cube.ply */,
				4589EEF12BE852D6001261B9 /* Icosphere.ply */,
				4589EEF22BE852D6001261B9 /* Monkey.ply */,
				4589EEF32BE852D6001261B9 /* Square.ply */,
				4589EEF42BE852D6001261B9 /* Teapot.ply */,
			);
			path = Models;
			sourceTree = "<group>";
		};
		4589EF062BE85309001261B9 /* Projections */ = {
			isa = PBXGroup;
			children = (
				4589EF002BE85302001261B9 /* BallRotationModifier.swift */,
				4589EF072BE85328001261B9 /* ProjectionSupport.swift */,
				4589EF012BE85302001261B9 /* Projections.swift */,
				4589EEEF2BE852D6001261B9 /* DemoViews */,
				4589EEF52BE852D6001261B9 /* Models */,
			);
			path = Projections;
			sourceTree = "<group>";
		};
		459DEFE32BCC760400DE8245 /* Support */ = {
			isa = PBXGroup;
			children = (
				45B268AC2A8FDA060033A727 /* Support.swift */,
				453082212BE6B09600F3FBFF /* Handles.swift */,
				45493BE52A8F140A0057FD00 /* my_color_effect.metal */,
				45B9D27C2BCC28DF001F717E /* GraphicsContextProtocol.swift */,
				45B9D27E2BCC28DF001F717E /* QuartzContext.swift */,
				459DEFE12BCC470F00DE8245 /* MetalFunctions.swift */,
			);
			path = Support;
			sourceTree = "<group>";
		};
		459DEFE62BCCE36700DE8245 /* Demos */ = {
			isa = PBXGroup;
			children = (
				45B268AA2A8FDA000033A727 /* LegacyPathEditor.swift */,
				452D82C62BC9C6F00054218F /* SignedDistanceFields.metal */,
				452586332BBCF8B8003E85B4 /* LineDemoView.swift */,
				453777EA2BC096BB00E600A6 /* BeziersView.swift */,
				4530821B2BE68E7D00F3FBFF /* HobbyCurveView.swift */,
				45C41A9C2BD76625006FBA7B /* Beziers2.swift */,
				453082192BE6898300F3FBFF /* Hobby.swift */,
				45E5B5E42A8EA04100B46CDC /* CustomStrokeView.swift */,
				459DEFE72BCCE45600DE8245 /* ShapesDemoView.swift */,
				459DEFE92BCCF18200DE8245 /* ShaderTestView.swift */,
				4530821F2BE6954300F3FBFF /* SplineDemoView.swift */,
				458956962BE8121F00D5AF6E /* Spline.swift */,
				452BF0452BE7DFF600F6E7D0 /* AngleDemoView.swift */,
			);
			path = Demos;
			sourceTree = "<group>";
		};
		45DA8F292BF157840070FD0C /* Frameworks */ = {
			isa = PBXGroup;
			children = (
				45DA91412BF15A020070FD0C /* DemosSupport */,
			);
			name = Frameworks;
			sourceTree = "<group>";
		};
		45DA904C2BF158380070FD0C /* Interactive */ = {
			isa = PBXGroup;
			children = (
				45DA90492BF158380070FD0C /* FirstPersonInteractiveViewModifier.swift */,
				45DA904A2BF158380070FD0C /* GameControllerWidget.swift */,
				45DA904B2BF158380070FD0C /* MovementController.swift */,
			);
			path = Interactive;
			sourceTree = "<group>";
		};
		45DA904E2BF158380070FD0C /* MetalCanvas */ = {
			isa = PBXGroup;
			children = (
				45DA904D2BF158380070FD0C /* MetalCanvas.swift */,
			);
			path = MetalCanvas;
			sourceTree = "<group>";
		};
		45DA90612BF158380070FD0C /* Particles */ = {
			isa = PBXGroup;
			children = (
				45DA905E2BF158380070FD0C /* Particles.swift */,
				45DA905F2BF158380070FD0C /* ParticlesRenderJob.swift */,
				45DA90602BF158380070FD0C /* SimulationView.swift */,
			);
			path = Particles;
			sourceTree = "<group>";
		};
		45DA90632BF158380070FD0C /* Particles2 */ = {
			isa = PBXGroup;
			children = (
				45DA90622BF158380070FD0C /* Particles2.swift */,
			);
			path = Particles2;
			sourceTree = "<group>";
		};
		45DA90772BF158380070FD0C /* ShaderToy */ = {
			isa = PBXGroup;
			children = (
				45DA90752BF158380070FD0C /* ShaderToy.metal */,
				45DA90762BF158380070FD0C /* ShaderToyView.swift */,
			);
			path = ShaderToy;
			sourceTree = "<group>";
		};
		45DA90882BF158380070FD0C /* SimpleScene */ = {
			isa = PBXGroup;
			children = (
				45DA90782BF158380070FD0C /* BarramundiFish.glb */,
				45DA90792BF158380070FD0C /* Cube.glb */,
				45DA907A2BF158380070FD0C /* FlatMaterial.swift */,
				45DA907B2BF158380070FD0C /* GLTF+YAMesh.swift */,
				45DA907C2BF158380070FD0C /* PanoramaRenderJob.swift */,
				45DA907D2BF158380070FD0C /* SimpleJobsBasedRenderPass.swift */,
				45DA907E2BF158380070FD0C /* SimpleMesh.swift */,
				45DA907F2BF158380070FD0C /* SimpleScene.swift */,
				45DA90802BF158380070FD0C /* SimpleScene+Demo.swift */,
				45DA90812BF158380070FD0C /* SimpleSceneInspector.swift */,
				45DA90822BF158380070FD0C /* SimpleSceneMapView.swift */,
				45DA90832BF158380070FD0C /* SimpleSceneRenderPass.swift */,
				45DA90842BF158380070FD0C /* SimpleSceneView.swift */,
				45DA90852BF158380070FD0C /* TextureManager.swift */,
				45DA90862BF158380070FD0C /* UnlitMaterial.swift */,
				45DA90872BF158380070FD0C /* YAMesh+Conversion.swift */,
			);
			path = SimpleScene;
			sourceTree = "<group>";
		};
		45DA90972BF158380070FD0C /* Support */ = {
			isa = PBXGroup;
			children = (
				45DA90892BF158380070FD0C /* adjectives.txt */,
				45DA908A2BF158380070FD0C /* Bindings.swift */,
				45DA908B2BF158380070FD0C /* Cache.swift */,
				45DA908C2BF158380070FD0C /* Counters.swift */,
				45DA908D2BF158380070FD0C /* DisplayLink.swift */,
				45DA908E2BF158380070FD0C /* Gradient.swift */,
				45DA908F2BF158380070FD0C /* Logging.swift */,
				45DA90902BF158380070FD0C /* Names.swift */,
				45DA90912BF158380070FD0C /* nouns.txt */,
				45DA90932BF158380070FD0C /* Resources.swift */,
				45DA90942BF158380070FD0C /* RKSupport.swift */,
				45DA90952BF158380070FD0C /* SwiftUI+Support.swift */,
				45DA90962BF158380070FD0C /* TarArchive.swift */,
			);
			path = Support;
			sourceTree = "<group>";
		};
		45DA90A92BF158380070FD0C /* Volumetric */ = {
			isa = PBXGroup;
			children = (
				45DA90A52BF158380070FD0C /* StanfordVolumeData.tar */,
				45DA90A62BF158380070FD0C /* VolumeData.swift */,
				45DA90A72BF158380070FD0C /* VolumetricRenderPass.swift */,
				45DA90A82BF158380070FD0C /* VolumetricView.swift */,
			);
			path = Volumetric;
			sourceTree = "<group>";
		};
		45DA90C72BF158380070FD0C /* RenderKit-Demos */ = {
			isa = PBXGroup;
			children = (
				45DA904C2BF158380070FD0C /* Interactive */,
				45DA904E2BF158380070FD0C /* MetalCanvas */,
				45DA90612BF158380070FD0C /* Particles */,
				45DA90632BF158380070FD0C /* Particles2 */,
				45DA90772BF158380070FD0C /* ShaderToy */,
				45DA90882BF158380070FD0C /* SimpleScene */,
				45DA90972BF158380070FD0C /* Support */,
				45DA90A92BF158380070FD0C /* Volumetric */,
				45DA90AB2BF158380070FD0C /* ContentView-VisionOS.swift */,
				45DA90AD2BF158380070FD0C /* CSGDemoView.swift */,
				45DA90AF2BF158380070FD0C /* DemosApp-VisionOS.swift */,
				45DA90B02BF158380070FD0C /* DemosApp.swift */,
				45DA90B32BF158380070FD0C /* PixelFormatsView.swift */,
				45DA90B42BF158380070FD0C /* Scratch.swift */,
				45DA90B52BF158380070FD0C /* ScreenSpaceDemoView.swift */,
				45DA90B72BF158380070FD0C /* TextureView.swift */,
			);
			path = "RenderKit-Demos";
			sourceTree = "<group>";
		};
		45DA914C2BF15B070070FD0C /* xcconfig */ = {
			isa = PBXGroup;
			children = (
				45DA91462BF15B070070FD0C /* Project-Debug.xcconfig */,
				45DA91472BF15B070070FD0C /* Project-Release.xcconfig */,
				45DA91482BF15B070070FD0C /* Project-Shared.xcconfig */,
				45DA91492BF15B070070FD0C /* SwiftGraphicsDemos-Debug.xcconfig */,
				45DA914A2BF15B070070FD0C /* SwiftGraphicsDemos-Release.xcconfig */,
				45DA914B2BF15B070070FD0C /* SwiftGraphicsDemos-Shared.xcconfig */,
			);
			path = xcconfig;
			sourceTree = "<group>";
		};
		45E5B5D62A8EA04100B46CDC = {
			isa = PBXGroup;
			children = (
				45DA91582BF15D6B0070FD0C /* SwiftGraphics */,
				45DA914C2BF15B070070FD0C /* xcconfig */,
				45E5B5E12A8EA04100B46CDC /* SwiftGraphicsDemos */,
				45E5B5E02A8EA04100B46CDC /* Products */,
				45DA8F292BF157840070FD0C /* Frameworks */,
			);
			sourceTree = "<group>";
		};
		45E5B5E02A8EA04100B46CDC /* Products */ = {
			isa = PBXGroup;
			children = (
				45E5B5DF2A8EA04100B46CDC /* SwiftGraphicsDemos.app */,
			);
			name = Products;
			sourceTree = "<group>";
		};
		45E5B5E12A8EA04100B46CDC /* SwiftGraphicsDemos */ = {
			isa = PBXGroup;
			children = (
				45B642022A9EC70500171EE0 /* Info.plist */,
				45E5B5E22A8EA04100B46CDC /* SwiftGraphicsDemosApp.swift */,
				456A74312A95531B00E75A8E /* ContentView.swift */,
				4530821D2BE692A500F3FBFF /* DemosView.swift */,
				452D82C82BCA301C0054218F /* SketchView.swift */,
				455E61DC2BCD7A5000EAC5E0 /* Tools.swift */,
				459DEFE42BCC761F00DE8245 /* MyShape.swift */,
				45DA90B12BF158380070FD0C /* Info-visionOS.plist */,
				4589EF062BE85309001261B9 /* Projections */,
				459DEFE62BCCE36700DE8245 /* Demos */,
				459DEFE32BCC760400DE8245 /* Support */,
				45DA90AA2BF158380070FD0C /* Assets.xcassets */,
				45E5B5E82A8EA04400B46CDC /* SwiftGraphicsDemos.entitlements */,
				45DA90C72BF158380070FD0C /* RenderKit-Demos */,
				45E5B5E92A8EA04400B46CDC /* Preview Content */,
			);
			path = SwiftGraphicsDemos;
			sourceTree = "<group>";
		};
		45E5B5E92A8EA04400B46CDC /* Preview Content */ = {
			isa = PBXGroup;
			children = (
				45E5B5EA2A8EA04400B46CDC /* Preview Assets.xcassets */,
			);
			path = "Preview Content";
			sourceTree = "<group>";
		};
/* End PBXGroup section */

/* Begin PBXNativeTarget section */
		45E5B5DE2A8EA04100B46CDC /* SwiftGraphicsDemos */ = {
			isa = PBXNativeTarget;
			buildConfigurationList = 45E5B6042A8EA04400B46CDC /* Build configuration list for PBXNativeTarget "SwiftGraphicsDemos" */;
			buildPhases = (
				45E5B5DB2A8EA04100B46CDC /* Sources */,
				45E5B5DC2A8EA04100B46CDC /* Frameworks */,
				45E5B5DD2A8EA04100B46CDC /* Resources */,
			);
			buildRules = (
			);
			dependencies = (
			);
			name = SwiftGraphicsDemos;
			packageProductDependencies = (
				45DA91532BF15D1A0070FD0C /* Compute */,
				45DA91562BF15D2B0070FD0C /* DemosSupport */,
				45F30F2B2BF15DA500446D45 /* DemosSupport */,
				45F30F2D2BF15DBC00446D45 /* Array2D */,
				45F30F2F2BF15DBC00446D45 /* CoreGraphicsSupport */,
				45F30F312BF15DBC00446D45 /* Earcut */,
				45F30F352BF15DBC00446D45 /* MetalSupport */,
				45F30F372BF15DBC00446D45 /* MetalSupportUnsafeConformances */,
				45F30F392BF15DBC00446D45 /* Projection */,
				45F30F3B2BF15DBC00446D45 /* Raster */,
				45F30F3D2BF15DBC00446D45 /* RenderKit */,
				45F30F3F2BF15DBC00446D45 /* RenderKitScratch */,
				45F30F412BF15DBC00446D45 /* RenderKitShaders */,
				45F30F432BF15DBC00446D45 /* Shapes2D */,
				45F30F452BF15DBC00446D45 /* Shapes3D */,
				45F30F472BF15DBC00446D45 /* SIMDSupport */,
				45F30F492BF15DBC00446D45 /* SIMDSupportUnsafeConformances */,
				45F30F4B2BF15DBC00446D45 /* Sketches */,
				45F30F4E2BF15EAC00446D45 /* SwiftGLTF */,
				459F585D2BF30E140021EBA1 /* GenericGeometryBase */,
			);
			productName = StairTest;
			productReference = 45E5B5DF2A8EA04100B46CDC /* SwiftGraphicsDemos.app */;
			productType = "com.apple.product-type.application";
		};
/* End PBXNativeTarget section */

/* Begin PBXProject section */
		45E5B5D72A8EA04100B46CDC /* Project object */ = {
			isa = PBXProject;
			attributes = {
				BuildIndependentTargetsInParallel = 1;
				LastSwiftUpdateCheck = 1500;
				LastUpgradeCheck = 1530;
				TargetAttributes = {
					45E5B5DE2A8EA04100B46CDC = {
						CreatedOnToolsVersion = 15.0;
					};
				};
			};
			buildConfigurationList = 45E5B5DA2A8EA04100B46CDC /* Build configuration list for PBXProject "SwiftGraphicsDemos" */;
			compatibilityVersion = "Xcode 14.0";
			developmentRegion = en;
			hasScannedForEncodings = 0;
			knownRegions = (
				en,
				Base,
			);
			mainGroup = 45E5B5D62A8EA04100B46CDC;
			packageReferences = (
				45DA91522BF15D1A0070FD0C /* XCLocalSwiftPackageReference "Packages/Compute" */,
				45F30F2A2BF15DA500446D45 /* XCLocalSwiftPackageReference "Packages/DemosSupport" */,
				45F30F4D2BF15EAC00446D45 /* XCRemoteSwiftPackageReference "SwiftGLTF" */,
			);
			productRefGroup = 45E5B5E02A8EA04100B46CDC /* Products */;
			projectDirPath = "";
			projectRoot = "";
			targets = (
				45E5B5DE2A8EA04100B46CDC /* SwiftGraphicsDemos */,
			);
		};
/* End PBXProject section */

/* Begin PBXResourcesBuildPhase section */
		45E5B5DD2A8EA04100B46CDC /* Resources */ = {
			isa = PBXResourcesBuildPhase;
			buildActionMask = 2147483647;
			files = (
				45DA912C2BF158380070FD0C /* Info-visionOS.plist in Resources */,
				45DA91102BF158380070FD0C /* nouns.txt in Resources */,
				4589EEFD2BE852D6001261B9 /* Monkey.ply in Resources */,
				45E5B5EB2A8EA04400B46CDC /* Preview Assets.xcassets in Resources */,
				4589EEFE2BE852D6001261B9 /* Square.ply in Resources */,
				45DA90F92BF158380070FD0C /* Cube.glb in Resources */,
				45DA91262BF158380070FD0C /* Assets.xcassets in Resources */,
				4589EEFB2BE852D6001261B9 /* Cube.ply in Resources */,
				45DA91082BF158380070FD0C /* adjectives.txt in Resources */,
				4589EEFC2BE852D6001261B9 /* Icosphere.ply in Resources */,
				45DA90F82BF158380070FD0C /* BarramundiFish.glb in Resources */,
				4589EEFF2BE852D6001261B9 /* Teapot.ply in Resources */,
				45DA91222BF158380070FD0C /* StanfordVolumeData.tar in Resources */,
			);
			runOnlyForDeploymentPostprocessing = 0;
		};
/* End PBXResourcesBuildPhase section */

/* Begin PBXSourcesBuildPhase section */
		45E5B5DB2A8EA04100B46CDC /* Sources */ = {
			isa = PBXSourcesBuildPhase;
			buildActionMask = 2147483647;
			files = (
				45DA91092BF158380070FD0C /* Bindings.swift in Sources */,
				4589EF082BE85328001261B9 /* ProjectionSupport.swift in Sources */,
				45DA91232BF158380070FD0C /* VolumeData.swift in Sources */,
				45DA90F62BF158380070FD0C /* ShaderToy.metal in Sources */,
				45DA91022BF158380070FD0C /* SimpleSceneMapView.swift in Sources */,
				45DA91012BF158380070FD0C /* SimpleSceneInspector.swift in Sources */,
				45DA91272BF158380070FD0C /* ContentView-VisionOS.swift in Sources */,
				45DA90E52BF158380070FD0C /* SimulationView.swift in Sources */,
				45DA912E2BF158380070FD0C /* PixelFormatsView.swift in Sources */,
				455E61DD2BCD7A5000EAC5E0 /* Tools.swift in Sources */,
				45B268AD2A8FDA060033A727 /* Support.swift in Sources */,
				45B9D2822BCC28DF001F717E /* QuartzContext.swift in Sources */,
				45C41A9D2BD76625006FBA7B /* Beziers2.swift in Sources */,
				45B268AB2A8FDA000033A727 /* LegacyPathEditor.swift in Sources */,
				45DA90FD2BF158380070FD0C /* SimpleJobsBasedRenderPass.swift in Sources */,
				452BF0462BE7DFF600F6E7D0 /* AngleDemoView.swift in Sources */,
				45DA91142BF158380070FD0C /* SwiftUI+Support.swift in Sources */,
				45DA912A2BF158380070FD0C /* DemosApp-VisionOS.swift in Sources */,
				45DA90E62BF158380070FD0C /* Particles2.swift in Sources */,
				45DA91032BF158380070FD0C /* SimpleSceneRenderPass.swift in Sources */,
				45DA90D32BF158380070FD0C /* MovementController.swift in Sources */,
				45DA910C2BF158380070FD0C /* DisplayLink.swift in Sources */,
				45DA90D22BF158380070FD0C /* GameControllerWidget.swift in Sources */,
				45DA90F72BF158380070FD0C /* ShaderToyView.swift in Sources */,
				4530821C2BE68E7D00F3FBFF /* HobbyCurveView.swift in Sources */,
				45DA91132BF158380070FD0C /* RKSupport.swift in Sources */,
				45DA91242BF158380070FD0C /* VolumetricRenderPass.swift in Sources */,
				4530821A2BE6898300F3FBFF /* Hobby.swift in Sources */,
				453082222BE6B09600F3FBFF /* Handles.swift in Sources */,
				456A74322A95531B00E75A8E /* ContentView.swift in Sources */,
				45DA91062BF158380070FD0C /* UnlitMaterial.swift in Sources */,
				452D82C72BC9C6F00054218F /* SignedDistanceFields.metal in Sources */,
				45DA910E2BF158380070FD0C /* Logging.swift in Sources */,
				453082202BE6954300F3FBFF /* SplineDemoView.swift in Sources */,
				45DA91052BF158380070FD0C /* TextureManager.swift in Sources */,
				4589EF042BE85302001261B9 /* Projections.swift in Sources */,
				45DA912F2BF158380070FD0C /* Scratch.swift in Sources */,
				4589EEF82BE852D6001261B9 /* Inspectors.swift in Sources */,
				45DA90E42BF158380070FD0C /* ParticlesRenderJob.swift in Sources */,
				45DA910F2BF158380070FD0C /* Names.swift in Sources */,
				45DA91042BF158380070FD0C /* SimpleSceneView.swift in Sources */,
				45DA91292BF158380070FD0C /* CSGDemoView.swift in Sources */,
				459DEFEA2BCCF18200DE8245 /* ShaderTestView.swift in Sources */,
				45DA91302BF158380070FD0C /* ScreenSpaceDemoView.swift in Sources */,
				45DA90FA2BF158380070FD0C /* FlatMaterial.swift in Sources */,
				4589EF032BE85302001261B9 /* BallRotationModifier.swift in Sources */,
				45B9D2802BCC28DF001F717E /* GraphicsContextProtocol.swift in Sources */,
				4589EEF92BE852D6001261B9 /* MeshView.swift in Sources */,
				452586342BBCF8B8003E85B4 /* LineDemoView.swift in Sources */,
				459DEFE22BCC470F00DE8245 /* MetalFunctions.swift in Sources */,
				45DA91002BF158380070FD0C /* SimpleScene+Demo.swift in Sources */,
				45DA91072BF158380070FD0C /* YAMesh+Conversion.swift in Sources */,
				45DA91252BF158380070FD0C /* VolumetricView.swift in Sources */,
				45DA91322BF158380070FD0C /* TextureView.swift in Sources */,
				4589EEFA2BE852D6001261B9 /* SoftwareRendererView.swift in Sources */,
				452D82C92BCA301C0054218F /* SketchView.swift in Sources */,
				4589EEF62BE852D6001261B9 /* BoxesView.swift in Sources */,
				45493BE62A8F140A0057FD00 /* my_color_effect.metal in Sources */,
				459DEFE82BCCE45600DE8245 /* ShapesDemoView.swift in Sources */,
				45DA91152BF158380070FD0C /* TarArchive.swift in Sources */,
				45DA910A2BF158380070FD0C /* Cache.swift in Sources */,
				45E5B5E52A8EA04100B46CDC /* CustomStrokeView.swift in Sources */,
				4589EEF72BE852D6001261B9 /* HalfEdgeView.swift in Sources */,
				45DA910D2BF158380070FD0C /* Gradient.swift in Sources */,
				45DA90D12BF158380070FD0C /* FirstPersonInteractiveViewModifier.swift in Sources */,
				453777EB2BC096BB00E600A6 /* BeziersView.swift in Sources */,
				45DA912B2BF158380070FD0C /* DemosApp.swift in Sources */,
				45E5B5E32A8EA04100B46CDC /* SwiftGraphicsDemosApp.swift in Sources */,
				45DA910B2BF158380070FD0C /* Counters.swift in Sources */,
				45DA90D42BF158380070FD0C /* MetalCanvas.swift in Sources */,
				458956972BE8121F00D5AF6E /* Spline.swift in Sources */,
				45DA91122BF158380070FD0C /* Resources.swift in Sources */,
				45DA90FF2BF158380070FD0C /* SimpleScene.swift in Sources */,
				45DA90FB2BF158380070FD0C /* GLTF+YAMesh.swift in Sources */,
				45DA90E32BF158380070FD0C /* Particles.swift in Sources */,
				459DEFE52BCC761F00DE8245 /* MyShape.swift in Sources */,
				45DA90FE2BF158380070FD0C /* SimpleMesh.swift in Sources */,
				45DA90FC2BF158380070FD0C /* PanoramaRenderJob.swift in Sources */,
				4530821E2BE692A500F3FBFF /* DemosView.swift in Sources */,
			);
			runOnlyForDeploymentPostprocessing = 0;
		};
/* End PBXSourcesBuildPhase section */

/* Begin XCBuildConfiguration section */
		45E5B6022A8EA04400B46CDC /* Debug */ = {
			isa = XCBuildConfiguration;
			baseConfigurationReference = 45DA91462BF15B070070FD0C /* Project-Debug.xcconfig */;
			buildSettings = {
			};
			name = Debug;
		};
		45E5B6032A8EA04400B46CDC /* Release */ = {
			isa = XCBuildConfiguration;
			baseConfigurationReference = 45DA91472BF15B070070FD0C /* Project-Release.xcconfig */;
			buildSettings = {
			};
			name = Release;
		};
		45E5B6052A8EA04400B46CDC /* Debug */ = {
			isa = XCBuildConfiguration;
			baseConfigurationReference = 45DA91492BF15B070070FD0C /* SwiftGraphicsDemos-Debug.xcconfig */;
			buildSettings = {
			};
			name = Debug;
		};
		45E5B6062A8EA04400B46CDC /* Release */ = {
			isa = XCBuildConfiguration;
			baseConfigurationReference = 45DA914A2BF15B070070FD0C /* SwiftGraphicsDemos-Release.xcconfig */;
			buildSettings = {
			};
			name = Release;
		};
/* End XCBuildConfiguration section */

/* Begin XCConfigurationList section */
		45E5B5DA2A8EA04100B46CDC /* Build configuration list for PBXProject "SwiftGraphicsDemos" */ = {
			isa = XCConfigurationList;
			buildConfigurations = (
				45E5B6022A8EA04400B46CDC /* Debug */,
				45E5B6032A8EA04400B46CDC /* Release */,
			);
			defaultConfigurationIsVisible = 0;
			defaultConfigurationName = Release;
		};
		45E5B6042A8EA04400B46CDC /* Build configuration list for PBXNativeTarget "SwiftGraphicsDemos" */ = {
			isa = XCConfigurationList;
			buildConfigurations = (
				45E5B6052A8EA04400B46CDC /* Debug */,
				45E5B6062A8EA04400B46CDC /* Release */,
			);
			defaultConfigurationIsVisible = 0;
			defaultConfigurationName = Release;
		};
/* End XCConfigurationList section */

/* Begin XCLocalSwiftPackageReference section */
		45DA91522BF15D1A0070FD0C /* XCLocalSwiftPackageReference "Packages/Compute" */ = {
			isa = XCLocalSwiftPackageReference;
			relativePath = Packages/Compute;
		};
		45F30F2A2BF15DA500446D45 /* XCLocalSwiftPackageReference "Packages/DemosSupport" */ = {
			isa = XCLocalSwiftPackageReference;
			relativePath = Packages/DemosSupport;
		};
/* End XCLocalSwiftPackageReference section */

/* Begin XCRemoteSwiftPackageReference section */
		45F30F4D2BF15EAC00446D45 /* XCRemoteSwiftPackageReference "SwiftGLTF" */ = {
			isa = XCRemoteSwiftPackageReference;
			repositoryURL = "https://github.com/schwa/SwiftGLTF";
			requirement = {
				branch = main;
				kind = branch;
			};
		};
/* End XCRemoteSwiftPackageReference section */

/* Begin XCSwiftPackageProductDependency section */
		459F585D2BF30E140021EBA1 /* GenericGeometryBase */ = {
			isa = XCSwiftPackageProductDependency;
			productName = GenericGeometryBase;
		};
		45DA91532BF15D1A0070FD0C /* Compute */ = {
			isa = XCSwiftPackageProductDependency;
			productName = Compute;
		};
		45DA91562BF15D2B0070FD0C /* DemosSupport */ = {
			isa = XCSwiftPackageProductDependency;
			productName = DemosSupport;
		};
		45F30F2B2BF15DA500446D45 /* DemosSupport */ = {
			isa = XCSwiftPackageProductDependency;
			productName = DemosSupport;
		};
		45F30F2D2BF15DBC00446D45 /* Array2D */ = {
			isa = XCSwiftPackageProductDependency;
			productName = Array2D;
		};
		45F30F2F2BF15DBC00446D45 /* CoreGraphicsSupport */ = {
			isa = XCSwiftPackageProductDependency;
			productName = CoreGraphicsSupport;
		};
		45F30F312BF15DBC00446D45 /* Earcut */ = {
			isa = XCSwiftPackageProductDependency;
			productName = Earcut;
		};
		45F30F352BF15DBC00446D45 /* MetalSupport */ = {
			isa = XCSwiftPackageProductDependency;
			productName = MetalSupport;
		};
		45F30F372BF15DBC00446D45 /* MetalSupportUnsafeConformances */ = {
			isa = XCSwiftPackageProductDependency;
			productName = MetalSupportUnsafeConformances;
		};
		45F30F392BF15DBC00446D45 /* Projection */ = {
			isa = XCSwiftPackageProductDependency;
			productName = Projection;
		};
		45F30F3B2BF15DBC00446D45 /* Raster */ = {
			isa = XCSwiftPackageProductDependency;
			productName = Raster;
		};
		45F30F3D2BF15DBC00446D45 /* RenderKit */ = {
			isa = XCSwiftPackageProductDependency;
			productName = RenderKit;
		};
		45F30F3F2BF15DBC00446D45 /* RenderKitScratch */ = {
			isa = XCSwiftPackageProductDependency;
			productName = RenderKitScratch;
		};
		45F30F412BF15DBC00446D45 /* RenderKitShaders */ = {
			isa = XCSwiftPackageProductDependency;
			productName = RenderKitShaders;
		};
		45F30F432BF15DBC00446D45 /* Shapes2D */ = {
			isa = XCSwiftPackageProductDependency;
			productName = Shapes2D;
		};
		45F30F452BF15DBC00446D45 /* Shapes3D */ = {
			isa = XCSwiftPackageProductDependency;
			productName = Shapes3D;
		};
		45F30F472BF15DBC00446D45 /* SIMDSupport */ = {
			isa = XCSwiftPackageProductDependency;
			productName = SIMDSupport;
		};
		45F30F492BF15DBC00446D45 /* SIMDSupportUnsafeConformances */ = {
			isa = XCSwiftPackageProductDependency;
			productName = SIMDSupportUnsafeConformances;
		};
		45F30F4B2BF15DBC00446D45 /* Sketches */ = {
			isa = XCSwiftPackageProductDependency;
			productName = Sketches;
		};
		45F30F4E2BF15EAC00446D45 /* SwiftGLTF */ = {
			isa = XCSwiftPackageProductDependency;
			package = 45F30F4D2BF15EAC00446D45 /* XCRemoteSwiftPackageReference "SwiftGLTF" */;
			productName = SwiftGLTF;
		};
/* End XCSwiftPackageProductDependency section */
	};
	rootObject = 45E5B5D72A8EA04100B46CDC /* Project object */;
}
